#MicroXplorer Configuration settings - do not modify
CAD.formats=
CAD.pinconfig=
CAD.provider=
Dma.I2S3_EXT_TX.2.Direction=DMA_MEMORY_TO_PERIPH
Dma.I2S3_EXT_TX.2.FIFOMode=DMA_FIFOMODE_DISABLE
Dma.I2S3_EXT_TX.2.Instance=DMA1_Stream5
Dma.I2S3_EXT_TX.2.MemDataAlignment=DMA_MDATAALIGN_HALFWORD
Dma.I2S3_EXT_TX.2.MemInc=DMA_MINC_ENABLE
Dma.I2S3_EXT_TX.2.Mode=DMA_CIRCULAR
Dma.I2S3_EXT_TX.2.PeriphDataAlignment=DMA_PDATAALIGN_HALFWORD
Dma.I2S3_EXT_TX.2.PeriphInc=DMA_PINC_DISABLE
Dma.I2S3_EXT_TX.2.Priority=DMA_PRIORITY_LOW
Dma.I2S3_EXT_TX.2.RequestParameters=Instance,Direction,PeriphInc,MemInc,PeriphDataAlignment,MemDataAlignment,Mode,Priority,FIFOMode
Dma.Request0=SPI1_TX
Dma.Request1=SPI2_RX
Dma.Request2=I2S3_EXT_TX
Dma.Request3=SPI3_RX
Dma.RequestsNb=4
Dma.SPI1_TX.0.Direction=DMA_MEMORY_TO_PERIPH
Dma.SPI1_TX.0.FIFOMode=DMA_FIFOMODE_DISABLE
Dma.SPI1_TX.0.Instance=DMA2_Stream2
Dma.SPI1_TX.0.MemDataAlignment=DMA_MDATAALIGN_HALFWORD
Dma.SPI1_TX.0.MemInc=DMA_MINC_ENABLE
Dma.SPI1_TX.0.Mode=DMA_CIRCULAR
Dma.SPI1_TX.0.PeriphDataAlignment=DMA_PDATAALIGN_HALFWORD
Dma.SPI1_TX.0.PeriphInc=DMA_PINC_DISABLE
Dma.SPI1_TX.0.Priority=DMA_PRIORITY_LOW
Dma.SPI1_TX.0.RequestParameters=Instance,Direction,PeriphInc,MemInc,PeriphDataAlignment,MemDataAlignment,Mode,Priority,FIFOMode
Dma.SPI2_RX.1.Direction=DMA_PERIPH_TO_MEMORY
Dma.SPI2_RX.1.FIFOMode=DMA_FIFOMODE_DISABLE
Dma.SPI2_RX.1.Instance=DMA1_Stream3
Dma.SPI2_RX.1.MemDataAlignment=DMA_MDATAALIGN_HALFWORD
Dma.SPI2_RX.1.MemInc=DMA_MINC_ENABLE
Dma.SPI2_RX.1.Mode=DMA_CIRCULAR
Dma.SPI2_RX.1.PeriphDataAlignment=DMA_PDATAALIGN_HALFWORD
Dma.SPI2_RX.1.PeriphInc=DMA_PINC_DISABLE
Dma.SPI2_RX.1.Priority=DMA_PRIORITY_LOW
Dma.SPI2_RX.1.RequestParameters=Instance,Direction,PeriphInc,MemInc,PeriphDataAlignment,MemDataAlignment,Mode,Priority,FIFOMode
Dma.SPI3_RX.3.Direction=DMA_PERIPH_TO_MEMORY
Dma.SPI3_RX.3.FIFOMode=DMA_FIFOMODE_DISABLE
Dma.SPI3_RX.3.Instance=DMA1_Stream0
Dma.SPI3_RX.3.MemDataAlignment=DMA_MDATAALIGN_HALFWORD
Dma.SPI3_RX.3.MemInc=DMA_MINC_ENABLE
Dma.SPI3_RX.3.Mode=DMA_CIRCULAR
Dma.SPI3_RX.3.PeriphDataAlignment=DMA_PDATAALIGN_HALFWORD
Dma.SPI3_RX.3.PeriphInc=DMA_PINC_DISABLE
Dma.SPI3_RX.3.Priority=DMA_PRIORITY_LOW
Dma.SPI3_RX.3.RequestParameters=Instance,Direction,PeriphInc,MemInc,PeriphDataAlignment,MemDataAlignment,Mode,Priority,FIFOMode
File.Version=6
GPIO.groupedBy=Group By Peripherals
I2C1.DualAddressMode=I2C_DUALADDRESS_DISABLE
I2C1.GeneralCallMode=I2C_GENERALCALL_DISABLE
I2C1.I2C_Mode=I2C_Standard
I2C1.IPParameters=I2C_Mode,DualAddressMode,OwnAddress,GeneralCallMode
I2C1.OwnAddress=16
I2S1.AudioFreq=I2S_AUDIOFREQ_48K
I2S1.DataFormat=I2S_DATAFORMAT_24B
I2S1.ErrorAudioFreq=0.04 %
I2S1.FullDuplexMode=I2S_FULLDUPLEXMODE_DISABLE
I2S1.IPParameters=Instance,VirtualMode,FullDuplexMode,RealAudioFreq,ErrorAudioFreq,DataFormat,AudioFreq
I2S1.Instance=SPI$Index
I2S1.RealAudioFreq=48.023 KHz
I2S1.VirtualMode=I2S_MODE_MASTER
I2S2.AudioFreq=I2S_AUDIOFREQ_48K
I2S2.DataFormat=I2S_DATAFORMAT_24B
I2S2.ErrorAudioFreq=0.04 %
I2S2.FullDuplexMode=I2S_FULLDUPLEXMODE_DISABLE
I2S2.IPParameters=Instance,VirtualMode,FullDuplexMode,RealAudioFreq,ErrorAudioFreq,DataFormat,AudioFreq,Mode
I2S2.Instance=SPI$Index
I2S2.Mode=I2S_MODE_MASTER_RX
I2S2.RealAudioFreq=48.023 KHz
I2S2.VirtualMode=I2S_MODE_MASTER
I2S3.AudioFreq=I2S_AUDIOFREQ_48K
I2S3.DataFormat=I2S_DATAFORMAT_24B
I2S3.ErrorAudioFreq=0.04 %
I2S3.FullDuplexMode=I2S_FULLDUPLEXMODE_ENABLE
I2S3.IPParameters=Instance,VirtualMode,FullDuplexMode,RealAudioFreq,ErrorAudioFreq,DataFormat,AudioFreq,Mode
I2S3.Instance=SPI$Index
I2S3.Mode=I2S_MODE_SLAVE_RX
I2S3.RealAudioFreq=48.023 KHz
I2S3.VirtualMode=I2S_MODE_SLAVE
KeepUserPlacement=false
Mcu.CPN=STM32F411CEU6
Mcu.Family=STM32F4
Mcu.IP0=DMA
Mcu.IP1=I2C1
Mcu.IP2=I2S1
Mcu.IP3=I2S2
Mcu.IP4=I2S3
Mcu.IP5=NVIC
Mcu.IP6=RCC
Mcu.IP7=RTC
Mcu.IP8=SYS
Mcu.IP9=USART2
Mcu.IPNb=10
Mcu.Name=STM32F411C(C-E)Ux
Mcu.Package=UFQFPN48
Mcu.Pin0=PC13-ANTI_TAMP
Mcu.Pin1=PH0 - OSC_IN
Mcu.Pin10=PA7
Mcu.Pin11=PB12
Mcu.Pin12=PB13
Mcu.Pin13=PB15
Mcu.Pin14=PA13
Mcu.Pin15=PA14
Mcu.Pin16=PA15
Mcu.Pin17=PB3
Mcu.Pin18=PB4
Mcu.Pin19=PB5
Mcu.Pin2=PH1 - OSC_OUT
Mcu.Pin20=PB6
Mcu.Pin21=PB7
Mcu.Pin22=VP_RTC_VS_RTC_Activate
Mcu.Pin23=VP_SYS_VS_Systick
Mcu.Pin3=PA0-WKUP
Mcu.Pin4=PA1
Mcu.Pin5=PA2
Mcu.Pin6=PA3
Mcu.Pin7=PA4
Mcu.Pin8=PA5
Mcu.Pin9=PA6
Mcu.PinsNb=24
Mcu.ThirdPartyNb=0
Mcu.UserConstants=
Mcu.UserName=STM32F411CEUx
MxCube.Version=6.12.0
MxDb.Version=DB.6.0.120
NVIC.BusFault_IRQn=true\:0\:0\:false\:false\:true\:false\:false\:false
NVIC.DMA1_Stream0_IRQn=true\:0\:0\:false\:false\:true\:false\:true\:true
NVIC.DMA1_Stream3_IRQn=true\:0\:0\:false\:true\:true\:6\:false\:true\:true
NVIC.DMA1_Stream5_IRQn=true\:0\:0\:false\:false\:true\:false\:true\:true
NVIC.DMA2_Stream2_IRQn=true\:0\:0\:false\:true\:true\:10\:false\:true\:true
NVIC.DebugMonitor_IRQn=true\:2\:3\:true\:false\:true\:false\:false\:false
NVIC.EXTI0_IRQn=true\:0\:0\:false\:false\:true\:true\:true\:true
NVIC.EXTI1_IRQn=true\:0\:0\:false\:false\:true\:true\:true\:true
NVIC.FLASH_IRQn=true\:2\:1\:true\:true\:true\:3\:true\:true\:true
NVIC.FPU_IRQn=true\:3\:1\:true\:true\:true\:2\:true\:false\:true
NVIC.ForceEnableDMAVector=true
NVIC.HardFault_IRQn=true\:0\:0\:false\:false\:true\:false\:false\:false
NVIC.I2C1_ER_IRQn=true\:0\:0\:false\:true\:true\:12\:true\:true\:true
NVIC.I2C1_EV_IRQn=true\:0\:0\:false\:true\:true\:13\:true\:true\:true
NVIC.MemoryManagement_IRQn=true\:0\:0\:true\:false\:true\:false\:false\:false
NVIC.NonMaskableInt_IRQn=true\:0\:0\:false\:false\:true\:false\:false\:false
NVIC.PVD_IRQn=true\:1\:3\:true\:true\:true\:4\:true\:true\:true
NVIC.PendSV_IRQn=true\:1\:3\:true\:false\:true\:false\:false\:false
NVIC.PriorityGroup=NVIC_PRIORITYGROUP_2
NVIC.RCC_IRQn=true\:2\:3\:true\:true\:true\:1\:true\:false\:true
NVIC.SPI1_IRQn=true\:3\:2\:true\:true\:true\:14\:true\:true\:true
NVIC.SPI2_IRQn=true\:3\:2\:true\:true\:true\:15\:true\:true\:true
NVIC.SPI3_IRQn=true\:0\:0\:false\:true\:true\:16\:true\:true\:true
NVIC.SVCall_IRQn=true\:2\:3\:true\:false\:true\:false\:false\:false
NVIC.SysTick_IRQn=true\:3\:3\:true\:false\:true\:false\:true\:false
NVIC.USART2_IRQn=true\:1\:1\:true\:true\:true\:11\:true\:true\:true
NVIC.UsageFault_IRQn=true\:0\:0\:false\:false\:true\:false\:false\:false
PA0-WKUP.GPIOParameters=GPIO_PuPd,GPIO_Label
PA0-WKUP.GPIO_Label=BUTTON_KEY
PA0-WKUP.GPIO_PuPd=GPIO_PULLDOWN
PA0-WKUP.Locked=true
PA0-WKUP.Signal=GPXTI0
PA1.Locked=true
PA1.Signal=GPXTI1
PA13.Mode=Serial_Wire
PA13.Signal=SYS_JTMS-SWDIO
PA14.Mode=Serial_Wire
PA14.Signal=SYS_JTCK-SWCLK
PA15.GPIOParameters=GPIO_Speed,GPIO_Label
PA15.GPIO_Label=PCM0_SYNC
PA15.GPIO_Speed=GPIO_SPEED_FREQ_HIGH
PA15.Mode=Full_Duplex_Slave
PA15.Signal=I2S3_WS
PA2.GPIOParameters=GPIO_Label
PA2.GPIO_Label=CONSOLE_TX
PA2.Mode=Asynchronous
PA2.Signal=USART2_TX
PA3.GPIOParameters=GPIO_Label
PA3.GPIO_Label=CONSOLE_RX
PA3.Mode=Asynchronous
PA3.Signal=USART2_RX
PA4.GPIOParameters=GPIO_Speed,GPIO_Label
PA4.GPIO_Label=I2S1_LRCK
PA4.GPIO_Speed=GPIO_SPEED_FREQ_HIGH
PA4.Mode=Half_Duplex_Master
PA4.Signal=I2S1_WS
PA5.GPIOParameters=GPIO_Speed,GPIO_Label
PA5.GPIO_Label=I2S1_BCK
PA5.GPIO_Speed=GPIO_SPEED_FREQ_HIGH
PA5.Mode=Half_Duplex_Master
PA5.Signal=I2S1_CK
PA6.GPIOParameters=GPIO_Speed,GPIO_Label
PA6.GPIO_Label=I2S2_SCK
PA6.GPIO_Speed=GPIO_SPEED_FREQ_HIGH
PA6.Mode=Master_Clock_Activated
PA6.Signal=I2S2_MCK
PA7.GPIOParameters=GPIO_Speed,GPIO_Label
PA7.GPIO_Label=I2S1_DATA_OUT
PA7.GPIO_Speed=GPIO_SPEED_FREQ_HIGH
PA7.Mode=Half_Duplex_Master
PA7.Signal=I2S1_SD
PB12.GPIOParameters=GPIO_Speed,GPIO_Label
PB12.GPIO_Label=I2S2_LRCK
PB12.GPIO_Speed=GPIO_SPEED_FREQ_LOW
PB12.Mode=Half_Duplex_Master
PB12.Signal=I2S2_WS
PB13.GPIOParameters=GPIO_Speed,GPIO_Label
PB13.GPIO_Label=I2S2_BCK
PB13.GPIO_Speed=GPIO_SPEED_FREQ_HIGH
PB13.Locked=true
PB13.Mode=Half_Duplex_Master
PB13.Signal=I2S2_CK
PB15.GPIOParameters=GPIO_Speed,GPIO_Label
PB15.GPIO_Label=I2S2_DATA_IN
PB15.GPIO_Speed=GPIO_SPEED_FREQ_MEDIUM
PB15.Mode=Half_Duplex_Master
PB15.Signal=I2S2_SD
PB3.GPIOParameters=GPIO_Speed,GPIO_Label
PB3.GPIO_Label=PCM0_CLK
PB3.GPIO_Speed=GPIO_SPEED_FREQ_HIGH
PB3.Mode=Full_Duplex_Slave
PB3.Signal=I2S3_CK
PB4.GPIOParameters=GPIO_Speed,GPIO_Label
PB4.GPIO_Label=PCM0_OUT
PB4.GPIO_Speed=GPIO_SPEED_FREQ_HIGH
PB4.Mode=Full_Duplex_Slave
PB4.Signal=I2S3_ext_SD
PB5.GPIOParameters=GPIO_Speed,GPIO_Label
PB5.GPIO_Label=PCM0_INP
PB5.GPIO_Speed=GPIO_SPEED_FREQ_MEDIUM
PB5.Mode=Full_Duplex_Slave
PB5.Signal=I2S3_SD
PB6.GPIOParameters=GPIO_Speed,GPIO_Pu
PB6.GPIO_Pu=GPIO_PULLUP
PB6.GPIO_Speed=GPIO_SPEED_FREQ_VERY_HIGH
PB6.Mode=I2C
PB6.Signal=I2C1_SCL
PB7.GPIOParameters=GPIO_Pu
PB7.GPIO_Pu=GPIO_PULLUP
PB7.Mode=I2C
PB7.Signal=I2C1_SDA
PC13-ANTI_TAMP.GPIOParameters=PinState,GPIO_Label
PC13-ANTI_TAMP.GPIO_Label=LED_PIN
PC13-ANTI_TAMP.Locked=true
PC13-ANTI_TAMP.PinState=GPIO_PIN_RESET
PC13-ANTI_TAMP.Signal=GPIO_Output
PH0\ -\ OSC_IN.Mode=HSE-External-Oscillator
PH0\ -\ OSC_IN.Signal=RCC_OSC_IN
PH1\ -\ OSC_OUT.Mode=HSE-External-Oscillator
PH1\ -\ OSC_OUT.Signal=RCC_OSC_OUT
PinOutPanel.RotationAngle=0
ProjectManager.AskForMigrate=true
ProjectManager.BackupPrevious=false
ProjectManager.CompilerOptimize=6
ProjectManager.ComputerToolchain=false
ProjectManager.CoupleFile=true
ProjectManager.CustomerFirmwarePackage=
ProjectManager.DefaultFWLocation=true
ProjectManager.DeletePrevious=true
ProjectManager.DeviceId=STM32F411CEUx
ProjectManager.FirmwarePackage=STM32Cube FW_F4 V1.28.1
ProjectManager.FreePins=false
ProjectManager.HalAssertFull=true
ProjectManager.HeapSize=0x800
ProjectManager.KeepUserCode=true
ProjectManager.LastFirmware=true
ProjectManager.LibraryCopy=2
ProjectManager.MainLocation=Core/Src
ProjectManager.MultiThreaded=true
ProjectManager.NoMain=false
ProjectManager.PreviousToolchain=
ProjectManager.ProjectBuild=false
ProjectManager.ProjectFileName=stm32f411.exti.hook.on.fds_i2s3.ioc
ProjectManager.ProjectName=stm32f411.exti.hook.on.fds_i2s3
ProjectManager.ProjectStructure=
ProjectManager.RegisterCallBack=I2S,SPI
ProjectManager.StackSize=0x1200
ProjectManager.TargetToolchain=Makefile
ProjectManager.ThreadSafeStrategy=Cortex-M4NS\:Default,
ProjectManager.ToolChainLocation=
ProjectManager.UAScriptAfterPath=
ProjectManager.UAScriptBeforePath=
ProjectManager.UnderRoot=false
ProjectManager.functionlistsort=1-SystemClock_Config-RCC-false-HAL-false,2-MX_GPIO_Init-GPIO-false-HAL-true,3-MX_DMA_Init-DMA-false-HAL-true,4-MX_USART2_UART_Init-USART2-false-HAL-true,5-MX_RTC_Init-RTC-false-HAL-true,6-MX_I2C1_Init-I2C1-false-HAL-true,7-MX_I2S1_Init-I2S1-false-HAL-true,8-MX_I2S2_Init-I2S2-false-HAL-true,9-MX_I2S3_Init-I2S3-false-HAL-true
RCC.48MHZClocksFreq_Value=46153846.15384615
RCC.AHBFreq_Value=92307692.3076923
RCC.APB1CLKDivider=RCC_HCLK_DIV2
RCC.APB1Freq_Value=46153846.15384615
RCC.APB1TimFreq_Value=92307692.3076923
RCC.APB2Freq_Value=92307692.3076923
RCC.APB2TimFreq_Value=92307692.3076923
RCC.CortexFreq_Value=92307692.3076923
RCC.EthernetFreq_Value=92307692.3076923
RCC.FCLKCortexFreq_Value=92307692.3076923
RCC.FamilyName=M
RCC.HCLKFreq_Value=92307692.3076923
RCC.HSE_Timout=120
RCC.HSE_VALUE=25000000
RCC.HSI_VALUE=16000000
RCC.I2SClocksFreq_Value=49175824.17582417
RCC.IPParameters=48MHZClocksFreq_Value,AHBFreq_Value,APB1CLKDivider,APB1Freq_Value,APB1TimFreq_Value,APB2Freq_Value,APB2TimFreq_Value,CortexFreq_Value,EthernetFreq_Value,FCLKCortexFreq_Value,FamilyName,HCLKFreq_Value,HSE_Timout,HSE_VALUE,HSI_VALUE,I2SClocksFreq_Value,LSE_VALUE,LSI_VALUE,PLLCLKFreq_Value,PLLI2SM,PLLI2SN,PLLI2SR,PLLM,PLLN,PLLQCLKFreq_Value,PLLSourceVirtual,RCC_TIM_PRescaler_Selection,RTCFreq_Value,RTCHSEDivFreq_Value,SYSCLKFreq_VALUE,SYSCLKSource,VCOI2SOutputFreq_Value,VCOInputFreq_Value,VCOInputMFreq_Value,VCOOutputFreq_Value,VcooutputI2S
RCC.LSE_VALUE=32768
RCC.LSI_VALUE=32000
RCC.PLLCLKFreq_Value=92307692.3076923
RCC.PLLI2SM=26
RCC.PLLI2SN=358
RCC.PLLI2SR=7
RCC.PLLM=13
RCC.PLLN=96
RCC.PLLQCLKFreq_Value=46153846.15384615
RCC.PLLSourceVirtual=RCC_PLLSOURCE_HSE
RCC.RCC_TIM_PRescaler_Selection=RCC_TIMPRES_ACTIVATED
RCC.RTCFreq_Value=32000
RCC.RTCHSEDivFreq_Value=12500000
RCC.SYSCLKFreq_VALUE=92307692.3076923
RCC.SYSCLKSource=RCC_SYSCLKSOURCE_PLLCLK
RCC.VCOI2SOutputFreq_Value=344230769.2307692
RCC.VCOInputFreq_Value=1923076.923076923
RCC.VCOInputMFreq_Value=961538.4615384615
RCC.VCOOutputFreq_Value=184615384.6153846
RCC.VcooutputI2S=49175824.17582417
SH.GPXTI0.0=GPIO_EXTI0
SH.GPXTI0.ConfNb=1
SH.GPXTI1.0=GPIO_EXTI1
SH.GPXTI1.ConfNb=1
USART2.IPParameters=VirtualMode,OverSampling
USART2.OverSampling=UART_OVERSAMPLING_8
USART2.VirtualMode=VM_ASYNC
VP_RTC_VS_RTC_Activate.Mode=RTC_Enabled
VP_RTC_VS_RTC_Activate.Signal=RTC_VS_RTC_Activate
VP_SYS_VS_Systick.Mode=SysTick
VP_SYS_VS_Systick.Signal=SYS_VS_Systick
board=custom
